
Microsoft Visual Studio Solution File, Format Version 12.00
# Visual Studio Version 16
VisualStudioVersion = 16.0.31729.503
MinimumVisualStudioVersion = 10.0.40219.1
Project("{FAE04EC0-301F-11D3-BF4B-00C04F79EFBC}") = "LegoMobile.Android", "LegoMobile\LegoMobile.Android\LegoMobile.Android.csproj", "{FFA7E34A-FF97-46EB-B6FB-C77B62CC96B5}"
EndProject
Project("{FAE04EC0-301F-11D3-BF4B-00C04F79EFBC}") = "LegoMobile.iOS", "LegoMobile\LegoMobile.iOS\LegoMobile.iOS.csproj", "{E3017623-2E6B-465B-9BB7-0F113509CFE7}"
EndProject
Project("{FAE04EC0-301F-11D3-BF4B-00C04F79EFBC}") = "LegoMobile", "LegoMobile\LegoMobile\LegoMobile.csproj", "{8355A77A-94CD-41F2-BEDA-8A40973DBC3B}"
EndProject
Global
	GlobalSection(SolutionConfigurationPlatforms) = preSolution
		Debug|Any CPU = Debug|Any CPU
		Debug|iPhone = Debug|iPhone
		Debug|iPhoneSimulator = Debug|iPhoneSimulator
		Release|Any CPU = Release|Any CPU
		Release|iPhone = Release|iPhone
		Release|iPhoneSimulator = Release|iPhoneSimulator
	EndGlobalSection
	GlobalSection(ProjectConfigurationPlatforms) = postSolution
		{FFA7E34A-FF97-46EB-B6FB-C77B62CC96B5}.Debug|Any CPU.ActiveCfg = Debug|Any CPU
		{FFA7E34A-FF97-46EB-B6FB-C77B62CC96B5}.Debug|Any CPU.Build.0 = Debug|Any CPU
		{FFA7E34A-FF97-46EB-B6FB-C77B62CC96B5}.Debug|Any CPU.Deploy.0 = Debug|Any CPU
		{FFA7E34A-FF97-46EB-B6FB-C77B62CC96B5}.Debug|iPhone.ActiveCfg = Debug|Any CPU
		{FFA7E34A-FF97-46EB-B6FB-C77B62CC96B5}.Debug|iPhone.Build.0 = Debug|Any CPU
		{FFA7E34A-FF97-46EB-B6FB-C77B62CC96B5}.Debug|iPhone.Deploy.0 = Debug|Any CPU
		{FFA7E34A-FF97-46EB-B6FB-C77B62CC96B5}.Debug|iPhoneSimulator.ActiveCfg = Debug|Any CPU
		{FFA7E34A-FF97-46EB-B6FB-C77B62CC96B5}.Debug|iPhoneSimulator.Build.0 = Debug|Any CPU
		{FFA7E34A-FF97-46EB-B6FB-C77B62CC96B5}.Debug|iPhoneSimulator.Deploy.0 = Debug|Any CPU
		{FFA7E34A-FF97-46EB-B6FB-C77B62CC96B5}.Release|Any CPU.ActiveCfg = Release|Any CPU
		{FFA7E34A-FF97-46EB-B6FB-C77B62CC96B5}.Release|Any CPU.Build.0 = Release|Any CPU
		{FFA7E34A-FF97-46EB-B6FB-C77B62CC96B5}.Release|Any CPU.Deploy.0 = Release|Any CPU
		{FFA7E34A-FF97-46EB-B6FB-C77B62CC96B5}.Release|iPhone.ActiveCfg = Release|Any CPU
		{FFA7E34A-FF97-46EB-B6FB-C77B62CC96B5}.Release|iPhone.Build.0 = Release|Any CPU
		{FFA7E34A-FF97-46EB-B6FB-C77B62CC96B5}.Release|iPhone.Deploy.0 = Release|Any CPU
		{FFA7E34A-FF97-46EB-B6FB-C77B62CC96B5}.Release|iPhoneSimulator.ActiveCfg = Release|Any CPU
		{FFA7E34A-FF97-46EB-B6FB-C77B62CC96B5}.Release|iPhoneSimulator.Build.0 = Release|Any CPU
		{FFA7E34A-FF97-46EB-B6FB-C77B62CC96B5}.Release|iPhoneSimulator.Deploy.0 = Release|Any CPU
		{E3017623-2E6B-465B-9BB7-0F113509CFE7}.Debug|Any CPU.ActiveCfg = Debug|iPhone
		{E3017623-2E6B-465B-9BB7-0F113509CFE7}.Debug|Any CPU.Build.0 = Debug|iPhone
		{E3017623-2E6B-465B-9BB7-0F113509CFE7}.Debug|Any CPU.Deploy.0 = Debug|iPhone
		{E3017623-2E6B-465B-9BB7-0F113509CFE7}.Debug|iPhone.ActiveCfg = Debug|iPhone
		{E3017623-2E6B-465B-9BB7-0F113509CFE7}.Debug|iPhone.Build.0 = Debug|iPhone
		{E3017623-2E6B-465B-9BB7-0F113509CFE7}.Debug|iPhone.Deploy.0 = Debug|iPhone
		{E3017623-2E6B-465B-9BB7-0F113509CFE7}.Debug|iPhoneSimulator.ActiveCfg = Debug|iPhoneSimulator
		{E3017623-2E6B-465B-9BB7-0F113509CFE7}.Debug|iPhoneSimulator.Build.0 = Debug|iPhoneSimulator
		{E3017623-2E6B-465B-9BB7-0F113509CFE7}.Debug|iPhoneSimulator.Deploy.0 = Debug|iPhoneSimulator
		{E3017623-2E6B-465B-9BB7-0F113509CFE7}.Release|Any CPU.ActiveCfg = Release|iPhoneSimulator
		{E3017623-2E6B-465B-9BB7-0F113509CFE7}.Release|Any CPU.Build.0 = Release|iPhoneSimulator
		{E3017623-2E6B-465B-9BB7-0F113509CFE7}.Release|Any CPU.Deploy.0 = Release|iPhoneSimulator
		{E3017623-2E6B-465B-9BB7-0F113509CFE7}.Release|iPhone.ActiveCfg = Release|iPhone
		{E3017623-2E6B-465B-9BB7-0F113509CFE7}.Release|iPhone.Build.0 = Release|iPhone
		{E3017623-2E6B-465B-9BB7-0F113509CFE7}.Release|iPhone.Deploy.0 = Release|iPhone
		{E3017623-2E6B-465B-9BB7-0F113509CFE7}.Release|iPhoneSimulator.ActiveCfg = Release|iPhoneSimulator
		{E3017623-2E6B-465B-9BB7-0F113509CFE7}.Release|iPhoneSimulator.Build.0 = Release|iPhoneSimulator
		{E3017623-2E6B-465B-9BB7-0F113509CFE7}.Release|iPhoneSimulator.Deploy.0 = Release|iPhoneSimulator
		{8355A77A-94CD-41F2-BEDA-8A40973DBC3B}.Debug|Any CPU.ActiveCfg = Debug|Any CPU
		{8355A77A-94CD-41F2-BEDA-8A40973DBC3B}.Debug|Any CPU.Build.0 = Debug|Any CPU
		{8355A77A-94CD-41F2-BEDA-8A40973DBC3B}.Debug|Any CPU.Deploy.0 = Debug|Any CPU
		{8355A77A-94CD-41F2-BEDA-8A40973DBC3B}.Debug|iPhone.ActiveCfg = Debug|Any CPU
		{8355A77A-94CD-41F2-BEDA-8A40973DBC3B}.Debug|iPhone.Build.0 = Debug|Any CPU
		{8355A77A-94CD-41F2-BEDA-8A40973DBC3B}.Debug|iPhone.Deploy.0 = Debug|Any CPU
		{8355A77A-94CD-41F2-BEDA-8A40973DBC3B}.Debug|iPhoneSimulator.ActiveCfg = Debug|Any CPU
		{8355A77A-94CD-41F2-BEDA-8A40973DBC3B}.Debug|iPhoneSimulator.Build.0 = Debug|Any CPU
		{8355A77A-94CD-41F2-BEDA-8A40973DBC3B}.Debug|iPhoneSimulator.Deploy.0 = Debug|Any CPU
		{8355A77A-94CD-41F2-BEDA-8A40973DBC3B}.Release|Any CPU.ActiveCfg = Release|Any CPU
		{8355A77A-94CD-41F2-BEDA-8A40973DBC3B}.Release|Any CPU.Build.0 = Release|Any CPU
		{8355A77A-94CD-41F2-BEDA-8A40973DBC3B}.Release|Any CPU.Deploy.0 = Release|Any CPU
		{8355A77A-94CD-41F2-BEDA-8A40973DBC3B}.Release|iPhone.ActiveCfg = Release|Any CPU
		{8355A77A-94CD-41F2-BEDA-8A40973DBC3B}.Release|iPhone.Build.0 = Release|Any CPU
		{8355A77A-94CD-41F2-BEDA-8A40973DBC3B}.Release|iPhone.Deploy.0 = Release|Any CPU
		{8355A77A-94CD-41F2-BEDA-8A40973DBC3B}.Release|iPhoneSimulator.ActiveCfg = Release|Any CPU
		{8355A77A-94CD-41F2-BEDA-8A40973DBC3B}.Release|iPhoneSimulator.Build.0 = Release|Any CPU
		{8355A77A-94CD-41F2-BEDA-8A40973DBC3B}.Release|iPhoneSimulator.Deploy.0 = Release|Any CPU
	EndGlobalSection
	GlobalSection(SolutionProperties) = preSolution
		HideSolutionNode = FALSE
	EndGlobalSection
	GlobalSection(ExtensibilityGlobals) = postSolution
		SolutionGuid = {E920864E-F077-4767-83AD-9D3F41AD5AC1}
	EndGlobalSection
EndGlobal
